{
  "name": "protocol-buffer-sandbox",
  "version": "0.0.1",
  "lockfileVersion": 2,
  "requires": true,
  "packages": {
    "": {
      "name": "protocol-buffer-sandbox",
      "version": "0.0.1",
      "license": "MIT",
      "dependencies": {
        "openapi-fetch": "0.9.2"
      },
      "devDependencies": {
        "@bufbuild/buf": "1.29.0",
        "@bufbuild/protobuf": "1.7.2",
        "@tsconfig/strictest": "2.0.3",
        "openapi-typescript": "5.4.1",
        "typescript": "5.3.3"
      }
    },
    "node_modules/@bufbuild/buf": {
      "version": "1.29.0",
      "resolved": "https://registry.npmjs.org/@bufbuild/buf/-/buf-1.29.0.tgz",
      "integrity": "sha512-euksXeFtvlvAV5j94LqXb69qQcJvFfo8vN1d3cx+IzhOKoipykuQQTq7mOWVo2R0kdk6yIMBLBofOYOsh0Df8g==",
      "dev": true,
      "hasInstallScript": true,
      "bin": {
        "buf": "bin/buf",
        "protoc-gen-buf-breaking": "bin/protoc-gen-buf-breaking",
        "protoc-gen-buf-lint": "bin/protoc-gen-buf-lint"
      },
      "engines": {
        "node": ">=12"
      },
      "optionalDependencies": {
        "@bufbuild/buf-darwin-arm64": "1.29.0",
        "@bufbuild/buf-darwin-x64": "1.29.0",
        "@bufbuild/buf-linux-aarch64": "1.29.0",
        "@bufbuild/buf-linux-x64": "1.29.0",
        "@bufbuild/buf-win32-arm64": "1.29.0",
        "@bufbuild/buf-win32-x64": "1.29.0"
      }
    },
    "node_modules/@bufbuild/buf-darwin-arm64": {
      "version": "1.29.0",
      "resolved": "https://registry.npmjs.org/@bufbuild/buf-darwin-arm64/-/buf-darwin-arm64-1.29.0.tgz",
      "integrity": "sha512-5hKxsARoY2WpWq1n5ONFqqGuauHb4yILKXCy37KRYCKiRLWmIP5yI3gWvWHKoH7sUJWTQmBqdJoCvYQr6ahQnw==",
      "cpu": [
        "arm64"
      ],
      "dev": true,
      "optional": true,
      "os": [
        "darwin"
      ],
      "engines": {
        "node": ">=12"
      }
    },
    "node_modules/@bufbuild/buf-darwin-x64": {
      "version": "1.29.0",
      "resolved": "https://registry.npmjs.org/@bufbuild/buf-darwin-x64/-/buf-darwin-x64-1.29.0.tgz",
      "integrity": "sha512-wOAPxbPLBns4AHiComWtdO1sx1J1p6mDYTbqmloHuI+B5U2rDbMsoHoe4nBcoMF8+RHxoqjypha29wVo6yzbZg==",
      "cpu": [
        "x64"
      ],
      "dev": true,
      "optional": true,
      "os": [
        "darwin"
      ],
      "engines": {
        "node": ">=12"
      }
    },
    "node_modules/@bufbuild/buf-linux-aarch64": {
      "version": "1.29.0",
      "resolved": "https://registry.npmjs.org/@bufbuild/buf-linux-aarch64/-/buf-linux-aarch64-1.29.0.tgz",
      "integrity": "sha512-jLk2J/wyyM7KNJ/DkLfhy3eS2/Bdb70e/56adMkapSoLJmghnpgxW+oFznMxxQUX5I9BU5hTn1UhDFxgLwhP7g==",
      "cpu": [
        "arm64"
      ],
      "dev": true,
      "optional": true,
      "os": [
        "linux"
      ],
      "engines": {
        "node": ">=12"
      }
    },
    "node_modules/@bufbuild/buf-linux-x64": {
      "version": "1.29.0",
      "resolved": "https://registry.npmjs.org/@bufbuild/buf-linux-x64/-/buf-linux-x64-1.29.0.tgz",
      "integrity": "sha512-heLOywj3Oaoh69RnTx7tHsuz6rEnvz77bghLEOghsrjBR6Jcpcwc137EZR4kRTIWJNrE8Kmo3RVeXlv144qQIQ==",
      "cpu": [
        "x64"
      ],
      "dev": true,
      "optional": true,
      "os": [
        "linux"
      ],
      "engines": {
        "node": ">=12"
      }
    },
    "node_modules/@bufbuild/buf-win32-arm64": {
      "version": "1.29.0",
      "resolved": "https://registry.npmjs.org/@bufbuild/buf-win32-arm64/-/buf-win32-arm64-1.29.0.tgz",
      "integrity": "sha512-Eglyvr3PLqVucuHBcQ61conyBgH9BRaoLpKWcce1gYBVlxMQM1NxjVjGOWihxQ1dXXw5qZXmYfVODf3gSwPMuQ==",
      "cpu": [
        "arm64"
      ],
      "dev": true,
      "optional": true,
      "os": [
        "win32"
      ],
      "engines": {
        "node": ">=12"
      }
    },
    "node_modules/@bufbuild/buf-win32-x64": {
      "version": "1.29.0",
      "resolved": "https://registry.npmjs.org/@bufbuild/buf-win32-x64/-/buf-win32-x64-1.29.0.tgz",
      "integrity": "sha512-wRk6co+nqHqEq4iLolXgej0jUVlWlTtGHjKaq54lTbKZrwxrBgql6qS06abgNPRASX0++XT9m3QRZ97qEIC/HQ==",
      "cpu": [
        "x64"
      ],
      "dev": true,
      "optional": true,
      "os": [
        "win32"
      ],
      "engines": {
        "node": ">=12"
      }
    },
    "node_modules/@bufbuild/protobuf": {
      "version": "1.7.2",
      "resolved": "https://registry.npmjs.org/@bufbuild/protobuf/-/protobuf-1.7.2.tgz",
      "integrity": "sha512-i5GE2Dk5ekdlK1TR7SugY4LWRrKSfb5T1Qn4unpIMbfxoeGKERKQ59HG3iYewacGD10SR7UzevfPnh6my4tNmQ==",
      "dev": true
    },
    "node_modules/@fastify/busboy": {
      "version": "2.1.0",
      "resolved": "https://registry.npmjs.org/@fastify/busboy/-/busboy-2.1.0.tgz",
      "integrity": "sha512-+KpH+QxZU7O4675t3mnkQKcZZg56u+K/Ct2K+N2AZYNVK8kyeo/bI18tI8aPm3tvNNRyTWfj6s5tnGNlcbQRsA==",
      "dev": true,
      "engines": {
        "node": ">=14"
      }
    },
    "node_modules/@tsconfig/strictest": {
      "version": "2.0.3",
      "resolved": "https://registry.npmjs.org/@tsconfig/strictest/-/strictest-2.0.3.tgz",
      "integrity": "sha512-MroLvRhMbqtXI5WBSwoomro6OQS4xnCoudUrMb20JO0vLKUs0bAaCEcvM/immEBSJjFAK1l6jW1oAO8q3Ancrg==",
      "dev": true
    },
    "node_modules/argparse": {
      "version": "2.0.1",
      "resolved": "https://registry.npmjs.org/argparse/-/argparse-2.0.1.tgz",
      "integrity": "sha512-8+9WqebbFzpX9OR+Wa6O29asIogeRMzcGtAINdpMHHyAg10f05aSFVBbcEqGf/PXw1EjAZ+q2/bEBg3DvurK3Q==",
      "dev": true
    },
    "node_modules/globalyzer": {
      "version": "0.1.0",
      "resolved": "https://registry.npmjs.org/globalyzer/-/globalyzer-0.1.0.tgz",
      "integrity": "sha512-40oNTM9UfG6aBmuKxk/giHn5nQ8RVz/SS4Ir6zgzOv9/qC3kKZ9v4etGTcJbEl/NyVQH7FGU7d+X1egr57Md2Q==",
      "dev": true
    },
    "node_modules/globrex": {
      "version": "0.1.2",
      "resolved": "https://registry.npmjs.org/globrex/-/globrex-0.1.2.tgz",
      "integrity": "sha512-uHJgbwAMwNFf5mLst7IWLNg14x1CkeqglJb/K3doi4dw6q2IvAAmM/Y81kevy83wP+Sst+nutFTYOGg3d1lsxg==",
      "dev": true
    },
    "node_modules/js-yaml": {
      "version": "4.1.0",
      "resolved": "https://registry.npmjs.org/js-yaml/-/js-yaml-4.1.0.tgz",
      "integrity": "sha512-wpxZs9NoxZaJESJGIZTyDEaYpl0FKSA+FB9aJiyemKhMwkxQg63h4T1KJgUGHpTqPDNRcmmYLugrRjJlBtWvRA==",
      "dev": true,
      "dependencies": {
        "argparse": "^2.0.1"
      },
      "bin": {
        "js-yaml": "bin/js-yaml.js"
      }
    },
    "node_modules/mime": {
      "version": "3.0.0",
      "resolved": "https://registry.npmjs.org/mime/-/mime-3.0.0.tgz",
      "integrity": "sha512-jSCU7/VB1loIWBZe14aEYHU/+1UMEHoaO7qxCOVJOw9GgH72VAWppxNcjU+x9a2k3GSIBXNKxXQFqRvvZ7vr3A==",
      "dev": true,
      "bin": {
        "mime": "cli.js"
      },
      "engines": {
        "node": ">=10.0.0"
      }
    },
    "node_modules/openapi-fetch": {
      "version": "0.9.2",
      "resolved": "https://registry.npmjs.org/openapi-fetch/-/openapi-fetch-0.9.2.tgz",
      "integrity": "sha512-EEzVCoGAbGP1Z3eTZXI0urHtvb+JRKLnPbnemsUzeTWcHCaAXsdhAWYfdLAx4fTNNUaL23BQLup8dQjMMkCRqA==",
      "dependencies": {
        "openapi-typescript-helpers": "^0.0.7"
      }
    },
    "node_modules/openapi-typescript": {
      "version": "5.4.1",
      "resolved": "https://registry.npmjs.org/openapi-typescript/-/openapi-typescript-5.4.1.tgz",
      "integrity": "sha512-AGB2QiZPz4rE7zIwV3dRHtoUC/CWHhUjuzGXvtmMQN2AFV8xCTLKcZUHLcdPQmt/83i22nRE7+TxXOXkK+gf4Q==",
      "dev": true,
      "dependencies": {
        "js-yaml": "^4.1.0",
        "mime": "^3.0.0",
        "prettier": "^2.6.2",
        "tiny-glob": "^0.2.9",
        "undici": "^5.4.0",
        "yargs-parser": "^21.0.1"
      },
      "bin": {
        "openapi-typescript": "bin/cli.js"
      },
      "engines": {
        "node": ">= 14.0.0"
      }
    },
    "node_modules/openapi-typescript-helpers": {
      "version": "0.0.7",
      "resolved": "https://registry.npmjs.org/openapi-typescript-helpers/-/openapi-typescript-helpers-0.0.7.tgz",
      "integrity": "sha512-7nwlAtdA1fULipibFRBWE/rnF114q6ejRYzNvhdA/x+qTWAZhXGLc/368dlwMlyJDvCQMCnADjpzb5BS5ZmNSA=="
    },
    "node_modules/prettier": {
      "version": "2.8.8",
      "resolved": "https://registry.npmjs.org/prettier/-/prettier-2.8.8.tgz",
      "integrity": "sha512-tdN8qQGvNjw4CHbY+XXk0JgCXn9QiF21a55rBe5LJAU+kDyC4WQn4+awm2Xfk2lQMk5fKup9XgzTZtGkjBdP9Q==",
      "dev": true,
      "bin": {
        "prettier": "bin-prettier.js"
      },
      "engines": {
        "node": ">=10.13.0"
      },
      "funding": {
        "url": "https://github.com/prettier/prettier?sponsor=1"
      }
    },
    "node_modules/tiny-glob": {
      "version": "0.2.9",
      "resolved": "https://registry.npmjs.org/tiny-glob/-/tiny-glob-0.2.9.tgz",
      "integrity": "sha512-g/55ssRPUjShh+xkfx9UPDXqhckHEsHr4Vd9zX55oSdGZc/MD0m3sferOkwWtp98bv+kcVfEHtRJgBVJzelrzg==",
      "dev": true,
      "dependencies": {
        "globalyzer": "0.1.0",
        "globrex": "^0.1.2"
      }
    },
    "node_modules/typescript": {
      "version": "5.3.3",
      "resolved": "https://registry.npmjs.org/typescript/-/typescript-5.3.3.tgz",
      "integrity": "sha512-pXWcraxM0uxAS+tN0AG/BF2TyqmHO014Z070UsJ+pFvYuRSq8KH8DmWpnbXe0pEPDHXZV3FcAbJkijJ5oNEnWw==",
      "dev": true,
      "bin": {
        "tsc": "bin/tsc",
        "tsserver": "bin/tsserver"
      },
      "engines": {
        "node": ">=14.17"
      }
    },
    "node_modules/undici": {
      "version": "5.28.3",
      "resolved": "https://registry.npmjs.org/undici/-/undici-5.28.3.tgz",
      "integrity": "sha512-3ItfzbrhDlINjaP0duwnNsKpDQk3acHI3gVJ1z4fmwMK31k5G9OVIAMLSIaP6w4FaGkaAkN6zaQO9LUvZ1t7VA==",
      "dev": true,
      "dependencies": {
        "@fastify/busboy": "^2.0.0"
      },
      "engines": {
        "node": ">=14.0"
      }
    },
    "node_modules/yargs-parser": {
      "version": "21.1.1",
      "resolved": "https://registry.npmjs.org/yargs-parser/-/yargs-parser-21.1.1.tgz",
      "integrity": "sha512-tVpsJW7DdjecAiFpbIB1e3qxIQsE6NoPc5/eTdrbbIC4h0LVsWhnoa3g+m2HclBIujHzsxZ4VJVA+GUuc2/LBw==",
      "dev": true,
      "engines": {
        "node": ">=12"
      }
    }
  },
  "dependencies": {
    "@bufbuild/buf": {
      "version": "1.29.0",
      "resolved": "https://registry.npmjs.org/@bufbuild/buf/-/buf-1.29.0.tgz",
      "integrity": "sha512-euksXeFtvlvAV5j94LqXb69qQcJvFfo8vN1d3cx+IzhOKoipykuQQTq7mOWVo2R0kdk6yIMBLBofOYOsh0Df8g==",
      "dev": true,
      "requires": {
        "@bufbuild/buf-darwin-arm64": "1.29.0",
        "@bufbuild/buf-darwin-x64": "1.29.0",
        "@bufbuild/buf-linux-aarch64": "1.29.0",
        "@bufbuild/buf-linux-x64": "1.29.0",
        "@bufbuild/buf-win32-arm64": "1.29.0",
        "@bufbuild/buf-win32-x64": "1.29.0"
      }
    },
    "@bufbuild/buf-darwin-arm64": {
      "version": "1.29.0",
      "resolved": "https://registry.npmjs.org/@bufbuild/buf-darwin-arm64/-/buf-darwin-arm64-1.29.0.tgz",
      "integrity": "sha512-5hKxsARoY2WpWq1n5ONFqqGuauHb4yILKXCy37KRYCKiRLWmIP5yI3gWvWHKoH7sUJWTQmBqdJoCvYQr6ahQnw==",
      "dev": true,
      "optional": true
    },
    "@bufbuild/buf-darwin-x64": {
      "version": "1.29.0",
      "resolved": "https://registry.npmjs.org/@bufbuild/buf-darwin-x64/-/buf-darwin-x64-1.29.0.tgz",
      "integrity": "sha512-wOAPxbPLBns4AHiComWtdO1sx1J1p6mDYTbqmloHuI+B5U2rDbMsoHoe4nBcoMF8+RHxoqjypha29wVo6yzbZg==",
      "dev": true,
      "optional": true
    },
    "@bufbuild/buf-linux-aarch64": {
      "version": "1.29.0",
      "resolved": "https://registry.npmjs.org/@bufbuild/buf-linux-aarch64/-/buf-linux-aarch64-1.29.0.tgz",
      "integrity": "sha512-jLk2J/wyyM7KNJ/DkLfhy3eS2/Bdb70e/56adMkapSoLJmghnpgxW+oFznMxxQUX5I9BU5hTn1UhDFxgLwhP7g==",
      "dev": true,
      "optional": true
    },
    "@bufbuild/buf-linux-x64": {
      "version": "1.29.0",
      "resolved": "https://registry.npmjs.org/@bufbuild/buf-linux-x64/-/buf-linux-x64-1.29.0.tgz",
      "integrity": "sha512-heLOywj3Oaoh69RnTx7tHsuz6rEnvz77bghLEOghsrjBR6Jcpcwc137EZR4kRTIWJNrE8Kmo3RVeXlv144qQIQ==",
      "dev": true,
      "optional": true
    },
    "@bufbuild/buf-win32-arm64": {
      "version": "1.29.0",
      "resolved": "https://registry.npmjs.org/@bufbuild/buf-win32-arm64/-/buf-win32-arm64-1.29.0.tgz",
      "integrity": "sha512-Eglyvr3PLqVucuHBcQ61conyBgH9BRaoLpKWcce1gYBVlxMQM1NxjVjGOWihxQ1dXXw5qZXmYfVODf3gSwPMuQ==",
      "dev": true,
      "optional": true
    },
    "@bufbuild/buf-win32-x64": {
      "version": "1.29.0",
      "resolved": "https://registry.npmjs.org/@bufbuild/buf-win32-x64/-/buf-win32-x64-1.29.0.tgz",
      "integrity": "sha512-wRk6co+nqHqEq4iLolXgej0jUVlWlTtGHjKaq54lTbKZrwxrBgql6qS06abgNPRASX0++XT9m3QRZ97qEIC/HQ==",
      "dev": true,
      "optional": true
    },
    "@bufbuild/protobuf": {
      "version": "1.7.2",
      "resolved": "https://registry.npmjs.org/@bufbuild/protobuf/-/protobuf-1.7.2.tgz",
      "integrity": "sha512-i5GE2Dk5ekdlK1TR7SugY4LWRrKSfb5T1Qn4unpIMbfxoeGKERKQ59HG3iYewacGD10SR7UzevfPnh6my4tNmQ==",
      "dev": true
    },
    "@fastify/busboy": {
      "version": "2.1.0",
      "resolved": "https://registry.npmjs.org/@fastify/busboy/-/busboy-2.1.0.tgz",
      "integrity": "sha512-+KpH+QxZU7O4675t3mnkQKcZZg56u+K/Ct2K+N2AZYNVK8kyeo/bI18tI8aPm3tvNNRyTWfj6s5tnGNlcbQRsA==",
      "dev": true
    },
    "@tsconfig/strictest": {
      "version": "2.0.3",
      "resolved": "https://registry.npmjs.org/@tsconfig/strictest/-/strictest-2.0.3.tgz",
      "integrity": "sha512-MroLvRhMbqtXI5WBSwoomro6OQS4xnCoudUrMb20JO0vLKUs0bAaCEcvM/immEBSJjFAK1l6jW1oAO8q3Ancrg==",
      "dev": true
    },
    "argparse": {
      "version": "2.0.1",
      "resolved": "https://registry.npmjs.org/argparse/-/argparse-2.0.1.tgz",
      "integrity": "sha512-8+9WqebbFzpX9OR+Wa6O29asIogeRMzcGtAINdpMHHyAg10f05aSFVBbcEqGf/PXw1EjAZ+q2/bEBg3DvurK3Q==",
      "dev": true
    },
    "globalyzer": {
      "version": "0.1.0",
      "resolved": "https://registry.npmjs.org/globalyzer/-/globalyzer-0.1.0.tgz",
      "integrity": "sha512-40oNTM9UfG6aBmuKxk/giHn5nQ8RVz/SS4Ir6zgzOv9/qC3kKZ9v4etGTcJbEl/NyVQH7FGU7d+X1egr57Md2Q==",
      "dev": true
    },
    "globrex": {
      "version": "0.1.2",
      "resolved": "https://registry.npmjs.org/globrex/-/globrex-0.1.2.tgz",
      "integrity": "sha512-uHJgbwAMwNFf5mLst7IWLNg14x1CkeqglJb/K3doi4dw6q2IvAAmM/Y81kevy83wP+Sst+nutFTYOGg3d1lsxg==",
      "dev": true
    },
    "js-yaml": {
      "version": "4.1.0",
      "resolved": "https://registry.npmjs.org/js-yaml/-/js-yaml-4.1.0.tgz",
      "integrity": "sha512-wpxZs9NoxZaJESJGIZTyDEaYpl0FKSA+FB9aJiyemKhMwkxQg63h4T1KJgUGHpTqPDNRcmmYLugrRjJlBtWvRA==",
      "dev": true,
      "requires": {
        "argparse": "^2.0.1"
      }
    },
    "mime": {
      "version": "3.0.0",
      "resolved": "https://registry.npmjs.org/mime/-/mime-3.0.0.tgz",
      "integrity": "sha512-jSCU7/VB1loIWBZe14aEYHU/+1UMEHoaO7qxCOVJOw9GgH72VAWppxNcjU+x9a2k3GSIBXNKxXQFqRvvZ7vr3A==",
      "dev": true
    },
    "openapi-fetch": {
      "version": "0.9.2",
      "resolved": "https://registry.npmjs.org/openapi-fetch/-/openapi-fetch-0.9.2.tgz",
      "integrity": "sha512-EEzVCoGAbGP1Z3eTZXI0urHtvb+JRKLnPbnemsUzeTWcHCaAXsdhAWYfdLAx4fTNNUaL23BQLup8dQjMMkCRqA==",
      "requires": {
        "openapi-typescript-helpers": "^0.0.7"
      }
    },
    "openapi-typescript": {
      "version": "5.4.1",
      "resolved": "https://registry.npmjs.org/openapi-typescript/-/openapi-typescript-5.4.1.tgz",
      "integrity": "sha512-AGB2QiZPz4rE7zIwV3dRHtoUC/CWHhUjuzGXvtmMQN2AFV8xCTLKcZUHLcdPQmt/83i22nRE7+TxXOXkK+gf4Q==",
      "dev": true,
      "requires": {
        "js-yaml": "^4.1.0",
        "mime": "^3.0.0",
        "prettier": "^2.6.2",
        "tiny-glob": "^0.2.9",
        "undici": "^5.4.0",
        "yargs-parser": "^21.0.1"
      }
    },
    "openapi-typescript-helpers": {
      "version": "0.0.7",
      "resolved": "https://registry.npmjs.org/openapi-typescript-helpers/-/openapi-typescript-helpers-0.0.7.tgz",
      "integrity": "sha512-7nwlAtdA1fULipibFRBWE/rnF114q6ejRYzNvhdA/x+qTWAZhXGLc/368dlwMlyJDvCQMCnADjpzb5BS5ZmNSA=="
    },
    "prettier": {
      "version": "2.8.8",
      "resolved": "https://registry.npmjs.org/prettier/-/prettier-2.8.8.tgz",
      "integrity": "sha512-tdN8qQGvNjw4CHbY+XXk0JgCXn9QiF21a55rBe5LJAU+kDyC4WQn4+awm2Xfk2lQMk5fKup9XgzTZtGkjBdP9Q==",
      "dev": true
    },
    "tiny-glob": {
      "version": "0.2.9",
      "resolved": "https://registry.npmjs.org/tiny-glob/-/tiny-glob-0.2.9.tgz",
      "integrity": "sha512-g/55ssRPUjShh+xkfx9UPDXqhckHEsHr4Vd9zX55oSdGZc/MD0m3sferOkwWtp98bv+kcVfEHtRJgBVJzelrzg==",
      "dev": true,
      "requires": {
        "globalyzer": "0.1.0",
        "globrex": "^0.1.2"
      }
    },
    "typescript": {
      "version": "5.3.3",
      "resolved": "https://registry.npmjs.org/typescript/-/typescript-5.3.3.tgz",
      "integrity": "sha512-pXWcraxM0uxAS+tN0AG/BF2TyqmHO014Z070UsJ+pFvYuRSq8KH8DmWpnbXe0pEPDHXZV3FcAbJkijJ5oNEnWw==",
      "dev": true
    },
    "undici": {
      "version": "5.28.3",
      "resolved": "https://registry.npmjs.org/undici/-/undici-5.28.3.tgz",
      "integrity": "sha512-3ItfzbrhDlINjaP0duwnNsKpDQk3acHI3gVJ1z4fmwMK31k5G9OVIAMLSIaP6w4FaGkaAkN6zaQO9LUvZ1t7VA==",
      "dev": true,
      "requires": {
        "@fastify/busboy": "^2.0.0"
      }
    },
    "yargs-parser": {
      "version": "21.1.1",
      "resolved": "https://registry.npmjs.org/yargs-parser/-/yargs-parser-21.1.1.tgz",
      "integrity": "sha512-tVpsJW7DdjecAiFpbIB1e3qxIQsE6NoPc5/eTdrbbIC4h0LVsWhnoa3g+m2HclBIujHzsxZ4VJVA+GUuc2/LBw==",
      "dev": true
    }
  }
}
